
Microsoft Visual Studio Solution File, Format Version 12.00
# Visual Studio 15
VisualStudioVersion = 15.0.28307.329
MinimumVisualStudioVersion = 10.0.40219.1
Project("{FAE04EC0-301F-11D3-BF4B-00C04F79EFBC}") = "InviewerDesktopGUI", "InviewerDesktopGUI\InviewerDesktopGUI.csproj", "{2AF0B049-6B3A-4F3D-870E-BA9C52035A3B}"
EndProject
Global
	GlobalSection(SolutionConfigurationPlatforms) = preSolution
		Debug|Any CPU = Debug|Any CPU
		Release|Any CPU = Release|Any CPU
	EndGlobalSection
	GlobalSection(ProjectConfigurationPlatforms) = postSolution
		{2AF0B049-6B3A-4F3D-870E-BA9C52035A3B}.Debug|Any CPU.ActiveCfg = Debug|Any CPU
		{2AF0B049-6B3A-4F3D-870E-BA9C52035A3B}.Debug|Any CPU.Build.0 = Debug|Any CPU
		{2AF0B049-6B3A-4F3D-870E-BA9C52035A3B}.Release|Any CPU.ActiveCfg = Release|Any CPU
		{2AF0B049-6B3A-4F3D-870E-BA9C52035A3B}.Release|Any CPU.Build.0 = Release|Any CPU
	EndGlobalSection
	GlobalSection(SolutionProperties) = preSolution
		HideSolutionNode = FALSE
	EndGlobalSection
	GlobalSection(ExtensibilityGlobals) = postSolution
		SolutionGuid = {70F03990-5859-4D0E-9564-67DDAC17D44C}
	EndGlobalSection
EndGlobal
